
Microsoft Visual Studio Solution File, Format Version 12.00
# Visual Studio Version 17
VisualStudioVersion = 17.5.001.0
MinimumVisualStudioVersion = 10.0.40219.1
Project("{9A19103F-16F7-4668-BE54-9A1E7A4F7556}") = "Full_GRASP_And_SOLID", "Library\Full_GRASP_And_SOLID.csproj", "{B4744DF5-591E-4CF0-96A5-0DF3759F7E02}"
EndProject
Project("{9A19103F-16F7-4668-BE54-9A1E7A4F7556}") = "Library", "Library\Library.csproj", "{8EBA6742-7582-4C49-85EA-6380456D754A}"
EndProject
Project("{9A19103F-16F7-4668-BE54-9A1E7A4F7556}") = "Program", "Program\Program.csproj", "{A115DE5E-5C98-45EF-BFE1-BA2B78C379F8}"
EndProject
Global
	GlobalSection(SolutionConfigurationPlatforms) = preSolution
		Debug|Any CPU = Debug|Any CPU
		Release|Any CPU = Release|Any CPU
	EndGlobalSection
	GlobalSection(ProjectConfigurationPlatforms) = postSolution
		{B4744DF5-591E-4CF0-96A5-0DF3759F7E02}.Debug|Any CPU.ActiveCfg = Debug|Any CPU
		{B4744DF5-591E-4CF0-96A5-0DF3759F7E02}.Debug|Any CPU.Build.0 = Debug|Any CPU
		{B4744DF5-591E-4CF0-96A5-0DF3759F7E02}.Release|Any CPU.ActiveCfg = Release|Any CPU
		{B4744DF5-591E-4CF0-96A5-0DF3759F7E02}.Release|Any CPU.Build.0 = Release|Any CPU
		{8EBA6742-7582-4C49-85EA-6380456D754A}.Debug|Any CPU.ActiveCfg = Debug|Any CPU
		{8EBA6742-7582-4C49-85EA-6380456D754A}.Debug|Any CPU.Build.0 = Debug|Any CPU
		{8EBA6742-7582-4C49-85EA-6380456D754A}.Release|Any CPU.ActiveCfg = Release|Any CPU
		{8EBA6742-7582-4C49-85EA-6380456D754A}.Release|Any CPU.Build.0 = Release|Any CPU
		{A115DE5E-5C98-45EF-BFE1-BA2B78C379F8}.Debug|Any CPU.ActiveCfg = Debug|Any CPU
		{A115DE5E-5C98-45EF-BFE1-BA2B78C379F8}.Debug|Any CPU.Build.0 = Debug|Any CPU
		{A115DE5E-5C98-45EF-BFE1-BA2B78C379F8}.Release|Any CPU.ActiveCfg = Release|Any CPU
		{A115DE5E-5C98-45EF-BFE1-BA2B78C379F8}.Release|Any CPU.Build.0 = Release|Any CPU
	EndGlobalSection
	GlobalSection(SolutionProperties) = preSolution
		HideSolutionNode = FALSE
	EndGlobalSection
	GlobalSection(ExtensibilityGlobals) = postSolution
		SolutionGuid = {80D89555-953F-465E-852D-93CBF792CA35}
	EndGlobalSection
EndGlobal
